Microsoft Visual Studio Solution File, Format Version 12.00
# Visual Studio 15
VisualStudioVersion = 15.0.26730.16
MinimumVisualStudioVersion = 10.0.40219.1
Project("{9A19103F-16F7-4668-BE54-9A1E7A4F7556}") = "blqw.DI.Startup", "src\blqw.DI.Startup\blqw.DI.Startup.csproj", "{8C3D3103-F558-4959-8D0D-695FF030A26E}"
EndProject
Project("{2150E333-8FDC-42A3-9474-1A3956D46DE8}") = "sample", "sample", "{A7EC3D7F-17CE-4847-9A95-D99FC8C921D4}"
EndProject
Project("{9A19103F-16F7-4668-BE54-9A1E7A4F7556}") = "demo", "sample\demo\demo.csproj", "{BAD333DB-CC46-4E33-8CB6-8379BB371177}"
EndProject
Project("{2150E333-8FDC-42A3-9474-1A3956D46DE8}") = "files", "files", "{807C9B61-41A7-4154-8471-468783DC8C4B}"
	ProjectSection(SolutionItems) = preProject
		README.md = README.md
	EndProjectSection
EndProject
Project("{FAE04EC0-301F-11D3-BF4B-00C04F79EFBC}") = "demo2", "sample\demo2\demo2.csproj", "{D3778649-AD1C-4E60-A63C-BE88B667E22E}"
EndProject
Project("{9A19103F-16F7-4668-BE54-9A1E7A4F7556}") = "blqw.DI.StartupAttribute", "src\blqw.DI.StartupAttribute\blqw.DI.StartupAttribute.csproj", "{5D2F2D3D-4A62-4CB6-A458-A9C69A1C5F6B}"
EndProject
Project("{9A19103F-16F7-4668-BE54-9A1E7A4F7556}") = "blqw.DI.NamedService", "src\blqw.DI.NamedService\blqw.DI.NamedService.csproj", "{7F55AD8B-8ABD-4058-8583-A0A4F2CCBE2C}"
EndProject
Project("{9A19103F-16F7-4668-BE54-9A1E7A4F7556}") = "blqw.DI.DelegateServiceProvdier", "src\blqw.DelegateServiceProvdier\blqw.DI.DelegateServiceProvdier.csproj", "{73DC2496-68E2-4799-A642-3EA7ABEFA014}"
EndProject
Project("{9A19103F-16F7-4668-BE54-9A1E7A4F7556}") = "blqw.DI.ExtensionMethods", "src\blqw.DI.ExtensionMethods\blqw.DI.ExtensionMethods.csproj", "{F19626F6-5DE4-44F9-9321-048C6D0F2E2B}"
EndProject
Project("{9A19103F-16F7-4668-BE54-9A1E7A4F7556}") = "blqw.DI.Context", "src\blqw.DI.Context\blqw.DI.Context.csproj", "{F521202B-A2B4-4338-92AC-D6D1C223DE43}"
EndProject
Project("{9A19103F-16F7-4668-BE54-9A1E7A4F7556}") = "blqw.DI.ExtensionMethods.Tests", "test\blqw.DI.ExtensionMethods.Tests\blqw.DI.ExtensionMethods.Tests.csproj", "{D97C4325-EBA4-46AF-9F67-4B1370211ADF}"
EndProject
Project("{2150E333-8FDC-42A3-9474-1A3956D46DE8}") = "test", "test", "{352F697A-6F56-48B1-B30F-BE2B94E04EB8}"
EndProject
Project("{FAE04EC0-301F-11D3-BF4B-00C04F79EFBC}") = "blqw.DI.Context.Tests", "blqw.DI.Context.Tests\blqw.DI.Context.Tests.csproj", "{2E3DF5C2-8A38-4A03-86D7-8D463C917E47}"
EndProject
Global
	GlobalSection(SolutionConfigurationPlatforms) = preSolution
		Debug|Any CPU = Debug|Any CPU
		Debug|x64 = Debug|x64
		Debug|x86 = Debug|x86
		Release|Any CPU = Release|Any CPU
		Release|x64 = Release|x64
		Release|x86 = Release|x86
	EndGlobalSection
	GlobalSection(ProjectConfigurationPlatforms) = postSolution
		{8C3D3103-F558-4959-8D0D-695FF030A26E}.Debug|Any CPU.ActiveCfg = Debug|Any CPU
		{8C3D3103-F558-4959-8D0D-695FF030A26E}.Debug|Any CPU.Build.0 = Debug|Any CPU
		{8C3D3103-F558-4959-8D0D-695FF030A26E}.Debug|x64.ActiveCfg = Debug|Any CPU
		{8C3D3103-F558-4959-8D0D-695FF030A26E}.Debug|x64.Build.0 = Debug|Any CPU
		{8C3D3103-F558-4959-8D0D-695FF030A26E}.Debug|x86.ActiveCfg = Debug|x86
		{8C3D3103-F558-4959-8D0D-695FF030A26E}.Debug|x86.Build.0 = Debug|x86
		{8C3D3103-F558-4959-8D0D-695FF030A26E}.Release|Any CPU.ActiveCfg = Release|Any CPU
		{8C3D3103-F558-4959-8D0D-695FF030A26E}.Release|Any CPU.Build.0 = Release|Any CPU
		{8C3D3103-F558-4959-8D0D-695FF030A26E}.Release|x64.ActiveCfg = Release|Any CPU
		{8C3D3103-F558-4959-8D0D-695FF030A26E}.Release|x64.Build.0 = Release|Any CPU
		{8C3D3103-F558-4959-8D0D-695FF030A26E}.Release|x86.ActiveCfg = Release|Any CPU
		{8C3D3103-F558-4959-8D0D-695FF030A26E}.Release|x86.Build.0 = Release|Any CPU
		{BAD333DB-CC46-4E33-8CB6-8379BB371177}.Debug|Any CPU.ActiveCfg = Debug|Any CPU
		{BAD333DB-CC46-4E33-8CB6-8379BB371177}.Debug|Any CPU.Build.0 = Debug|Any CPU
		{BAD333DB-CC46-4E33-8CB6-8379BB371177}.Debug|x64.ActiveCfg = Debug|Any CPU
		{BAD333DB-CC46-4E33-8CB6-8379BB371177}.Debug|x64.Build.0 = Debug|Any CPU
		{BAD333DB-CC46-4E33-8CB6-8379BB371177}.Debug|x86.ActiveCfg = Debug|x86
		{BAD333DB-CC46-4E33-8CB6-8379BB371177}.Debug|x86.Build.0 = Debug|x86
		{BAD333DB-CC46-4E33-8CB6-8379BB371177}.Release|Any CPU.ActiveCfg = Release|Any CPU
		{BAD333DB-CC46-4E33-8CB6-8379BB371177}.Release|Any CPU.Build.0 = Release|Any CPU
		{BAD333DB-CC46-4E33-8CB6-8379BB371177}.Release|x64.ActiveCfg = Release|Any CPU
		{BAD333DB-CC46-4E33-8CB6-8379BB371177}.Release|x64.Build.0 = Release|Any CPU
		{BAD333DB-CC46-4E33-8CB6-8379BB371177}.Release|x86.ActiveCfg = Release|Any CPU
		{BAD333DB-CC46-4E33-8CB6-8379BB371177}.Release|x86.Build.0 = Release|Any CPU
		{D3778649-AD1C-4E60-A63C-BE88B667E22E}.Debug|Any CPU.ActiveCfg = Debug|Any CPU
		{D3778649-AD1C-4E60-A63C-BE88B667E22E}.Debug|Any CPU.Build.0 = Debug|Any CPU
		{D3778649-AD1C-4E60-A63C-BE88B667E22E}.Debug|x64.ActiveCfg = Debug|Any CPU
		{D3778649-AD1C-4E60-A63C-BE88B667E22E}.Debug|x64.Build.0 = Debug|Any CPU
		{D3778649-AD1C-4E60-A63C-BE88B667E22E}.Debug|x86.ActiveCfg = Debug|x86
		{D3778649-AD1C-4E60-A63C-BE88B667E22E}.Debug|x86.Build.0 = Debug|x86
		{D3778649-AD1C-4E60-A63C-BE88B667E22E}.Release|Any CPU.ActiveCfg = Release|Any CPU
		{D3778649-AD1C-4E60-A63C-BE88B667E22E}.Release|Any CPU.Build.0 = Release|Any CPU
		{D3778649-AD1C-4E60-A63C-BE88B667E22E}.Release|x64.ActiveCfg = Release|Any CPU
		{D3778649-AD1C-4E60-A63C-BE88B667E22E}.Release|x64.Build.0 = Release|Any CPU
		{D3778649-AD1C-4E60-A63C-BE88B667E22E}.Release|x86.ActiveCfg = Release|Any CPU
		{D3778649-AD1C-4E60-A63C-BE88B667E22E}.Release|x86.Build.0 = Release|Any CPU
		{5D2F2D3D-4A62-4CB6-A458-A9C69A1C5F6B}.Debug|Any CPU.ActiveCfg = Debug|Any CPU
		{5D2F2D3D-4A62-4CB6-A458-A9C69A1C5F6B}.Debug|Any CPU.Build.0 = Debug|Any CPU
		{5D2F2D3D-4A62-4CB6-A458-A9C69A1C5F6B}.Debug|x64.ActiveCfg = Debug|Any CPU
		{5D2F2D3D-4A62-4CB6-A458-A9C69A1C5F6B}.Debug|x64.Build.0 = Debug|Any CPU
		{5D2F2D3D-4A62-4CB6-A458-A9C69A1C5F6B}.Debug|x86.ActiveCfg = Debug|Any CPU
		{5D2F2D3D-4A62-4CB6-A458-A9C69A1C5F6B}.Debug|x86.Build.0 = Debug|Any CPU
		{5D2F2D3D-4A62-4CB6-A458-A9C69A1C5F6B}.Release|Any CPU.ActiveCfg = Release|Any CPU
		{5D2F2D3D-4A62-4CB6-A458-A9C69A1C5F6B}.Release|Any CPU.Build.0 = Release|Any CPU
		{5D2F2D3D-4A62-4CB6-A458-A9C69A1C5F6B}.Release|x64.ActiveCfg = Release|Any CPU
		{5D2F2D3D-4A62-4CB6-A458-A9C69A1C5F6B}.Release|x64.Build.0 = Release|Any CPU
		{5D2F2D3D-4A62-4CB6-A458-A9C69A1C5F6B}.Release|x86.ActiveCfg = Release|Any CPU
		{5D2F2D3D-4A62-4CB6-A458-A9C69A1C5F6B}.Release|x86.Build.0 = Release|Any CPU
		{7F55AD8B-8ABD-4058-8583-A0A4F2CCBE2C}.Debug|Any CPU.ActiveCfg = Debug|Any CPU
		{7F55AD8B-8ABD-4058-8583-A0A4F2CCBE2C}.Debug|Any CPU.Build.0 = Debug|Any CPU
		{7F55AD8B-8ABD-4058-8583-A0A4F2CCBE2C}.Debug|x64.ActiveCfg = Debug|Any CPU
		{7F55AD8B-8ABD-4058-8583-A0A4F2CCBE2C}.Debug|x64.Build.0 = Debug|Any CPU
		{7F55AD8B-8ABD-4058-8583-A0A4F2CCBE2C}.Debug|x86.ActiveCfg = Debug|Any CPU
		{7F55AD8B-8ABD-4058-8583-A0A4F2CCBE2C}.Debug|x86.Build.0 = Debug|Any CPU
		{7F55AD8B-8ABD-4058-8583-A0A4F2CCBE2C}.Release|Any CPU.ActiveCfg = Release|Any CPU
		{7F55AD8B-8ABD-4058-8583-A0A4F2CCBE2C}.Release|Any CPU.Build.0 = Release|Any CPU
		{7F55AD8B-8ABD-4058-8583-A0A4F2CCBE2C}.Release|x64.ActiveCfg = Release|Any CPU
		{7F55AD8B-8ABD-4058-8583-A0A4F2CCBE2C}.Release|x64.Build.0 = Release|Any CPU
		{7F55AD8B-8ABD-4058-8583-A0A4F2CCBE2C}.Release|x86.ActiveCfg = Release|Any CPU
		{7F55AD8B-8ABD-4058-8583-A0A4F2CCBE2C}.Release|x86.Build.0 = Release|Any CPU
		{73DC2496-68E2-4799-A642-3EA7ABEFA014}.Debug|Any CPU.ActiveCfg = Debug|Any CPU
		{73DC2496-68E2-4799-A642-3EA7ABEFA014}.Debug|Any CPU.Build.0 = Debug|Any CPU
		{73DC2496-68E2-4799-A642-3EA7ABEFA014}.Debug|x64.ActiveCfg = Debug|Any CPU
		{73DC2496-68E2-4799-A642-3EA7ABEFA014}.Debug|x64.Build.0 = Debug|Any CPU
		{73DC2496-68E2-4799-A642-3EA7ABEFA014}.Debug|x86.ActiveCfg = Debug|Any CPU
		{73DC2496-68E2-4799-A642-3EA7ABEFA014}.Debug|x86.Build.0 = Debug|Any CPU
		{73DC2496-68E2-4799-A642-3EA7ABEFA014}.Release|Any CPU.ActiveCfg = Release|Any CPU
		{73DC2496-68E2-4799-A642-3EA7ABEFA014}.Release|Any CPU.Build.0 = Release|Any CPU
		{73DC2496-68E2-4799-A642-3EA7ABEFA014}.Release|x64.ActiveCfg = Release|Any CPU
		{73DC2496-68E2-4799-A642-3EA7ABEFA014}.Release|x64.Build.0 = Release|Any CPU
		{73DC2496-68E2-4799-A642-3EA7ABEFA014}.Release|x86.ActiveCfg = Release|Any CPU
		{73DC2496-68E2-4799-A642-3EA7ABEFA014}.Release|x86.Build.0 = Release|Any CPU
		{F19626F6-5DE4-44F9-9321-048C6D0F2E2B}.Debug|Any CPU.ActiveCfg = Debug|Any CPU
		{F19626F6-5DE4-44F9-9321-048C6D0F2E2B}.Debug|Any CPU.Build.0 = Debug|Any CPU
		{F19626F6-5DE4-44F9-9321-048C6D0F2E2B}.Debug|x64.ActiveCfg = Debug|Any CPU
		{F19626F6-5DE4-44F9-9321-048C6D0F2E2B}.Debug|x64.Build.0 = Debug|Any CPU
		{F19626F6-5DE4-44F9-9321-048C6D0F2E2B}.Debug|x86.ActiveCfg = Debug|Any CPU
		{F19626F6-5DE4-44F9-9321-048C6D0F2E2B}.Debug|x86.Build.0 = Debug|Any CPU
		{F19626F6-5DE4-44F9-9321-048C6D0F2E2B}.Release|Any CPU.ActiveCfg = Release|Any CPU
		{F19626F6-5DE4-44F9-9321-048C6D0F2E2B}.Release|Any CPU.Build.0 = Release|Any CPU
		{F19626F6-5DE4-44F9-9321-048C6D0F2E2B}.Release|x64.ActiveCfg = Release|Any CPU
		{F19626F6-5DE4-44F9-9321-048C6D0F2E2B}.Release|x64.Build.0 = Release|Any CPU
		{F19626F6-5DE4-44F9-9321-048C6D0F2E2B}.Release|x86.ActiveCfg = Release|Any CPU
		{F19626F6-5DE4-44F9-9321-048C6D0F2E2B}.Release|x86.Build.0 = Release|Any CPU
		{F521202B-A2B4-4338-92AC-D6D1C223DE43}.Debug|Any CPU.ActiveCfg = Debug|Any CPU
		{F521202B-A2B4-4338-92AC-D6D1C223DE43}.Debug|Any CPU.Build.0 = Debug|Any CPU
		{F521202B-A2B4-4338-92AC-D6D1C223DE43}.Debug|x64.ActiveCfg = Debug|Any CPU
		{F521202B-A2B4-4338-92AC-D6D1C223DE43}.Debug|x64.Build.0 = Debug|Any CPU
		{F521202B-A2B4-4338-92AC-D6D1C223DE43}.Debug|x86.ActiveCfg = Debug|Any CPU
		{F521202B-A2B4-4338-92AC-D6D1C223DE43}.Debug|x86.Build.0 = Debug|Any CPU
		{F521202B-A2B4-4338-92AC-D6D1C223DE43}.Release|Any CPU.ActiveCfg = Release|Any CPU
		{F521202B-A2B4-4338-92AC-D6D1C223DE43}.Release|Any CPU.Build.0 = Release|Any CPU
		{F521202B-A2B4-4338-92AC-D6D1C223DE43}.Release|x64.ActiveCfg = Release|Any CPU
		{F521202B-A2B4-4338-92AC-D6D1C223DE43}.Release|x64.Build.0 = Release|Any CPU
		{F521202B-A2B4-4338-92AC-D6D1C223DE43}.Release|x86.ActiveCfg = Release|Any CPU
		{F521202B-A2B4-4338-92AC-D6D1C223DE43}.Release|x86.Build.0 = Release|Any CPU
		{D97C4325-EBA4-46AF-9F67-4B1370211ADF}.Debug|Any CPU.ActiveCfg = Debug|Any CPU
		{D97C4325-EBA4-46AF-9F67-4B1370211ADF}.Debug|Any CPU.Build.0 = Debug|Any CPU
		{D97C4325-EBA4-46AF-9F67-4B1370211ADF}.Debug|x64.ActiveCfg = Debug|Any CPU
		{D97C4325-EBA4-46AF-9F67-4B1370211ADF}.Debug|x64.Build.0 = Debug|Any CPU
		{D97C4325-EBA4-46AF-9F67-4B1370211ADF}.Debug|x86.ActiveCfg = Debug|Any CPU
		{D97C4325-EBA4-46AF-9F67-4B1370211ADF}.Debug|x86.Build.0 = Debug|Any CPU
		{D97C4325-EBA4-46AF-9F67-4B1370211ADF}.Release|Any CPU.ActiveCfg = Release|Any CPU
		{D97C4325-EBA4-46AF-9F67-4B1370211ADF}.Release|Any CPU.Build.0 = Release|Any CPU
		{D97C4325-EBA4-46AF-9F67-4B1370211ADF}.Release|x64.ActiveCfg = Release|Any CPU
		{D97C4325-EBA4-46AF-9F67-4B1370211ADF}.Release|x64.Build.0 = Release|Any CPU
		{D97C4325-EBA4-46AF-9F67-4B1370211ADF}.Release|x86.ActiveCfg = Release|Any CPU
		{D97C4325-EBA4-46AF-9F67-4B1370211ADF}.Release|x86.Build.0 = Release|Any CPU
		{2E3DF5C2-8A38-4A03-86D7-8D463C917E47}.Debug|Any CPU.ActiveCfg = Debug|Any CPU
		{2E3DF5C2-8A38-4A03-86D7-8D463C917E47}.Debug|Any CPU.Build.0 = Debug|Any CPU
		{2E3DF5C2-8A38-4A03-86D7-8D463C917E47}.Debug|x64.ActiveCfg = Debug|Any CPU
		{2E3DF5C2-8A38-4A03-86D7-8D463C917E47}.Debug|x64.Build.0 = Debug|Any CPU
		{2E3DF5C2-8A38-4A03-86D7-8D463C917E47}.Debug|x86.ActiveCfg = Debug|Any CPU
		{2E3DF5C2-8A38-4A03-86D7-8D463C917E47}.Debug|x86.Build.0 = Debug|Any CPU
		{2E3DF5C2-8A38-4A03-86D7-8D463C917E47}.Release|Any CPU.ActiveCfg = Release|Any CPU
		{2E3DF5C2-8A38-4A03-86D7-8D463C917E47}.Release|Any CPU.Build.0 = Release|Any CPU
		{2E3DF5C2-8A38-4A03-86D7-8D463C917E47}.Release|x64.ActiveCfg = Release|Any CPU
		{2E3DF5C2-8A38-4A03-86D7-8D463C917E47}.Release|x64.Build.0 = Release|Any CPU
		{2E3DF5C2-8A38-4A03-86D7-8D463C917E47}.Release|x86.ActiveCfg = Release|Any CPU
		{2E3DF5C2-8A38-4A03-86D7-8D463C917E47}.Release|x86.Build.0 = Release|Any CPU
	EndGlobalSection
	GlobalSection(SolutionProperties) = preSolution
		HideSolutionNode = FALSE
	EndGlobalSection
	GlobalSection(NestedProjects) = preSolution
		{BAD333DB-CC46-4E33-8CB6-8379BB371177} = {A7EC3D7F-17CE-4847-9A95-D99FC8C921D4}
		{D3778649-AD1C-4E60-A63C-BE88B667E22E} = {A7EC3D7F-17CE-4847-9A95-D99FC8C921D4}
		{D97C4325-EBA4-46AF-9F67-4B1370211ADF} = {352F697A-6F56-48B1-B30F-BE2B94E04EB8}
		{2E3DF5C2-8A38-4A03-86D7-8D463C917E47} = {352F697A-6F56-48B1-B30F-BE2B94E04EB8}
	EndGlobalSection
	GlobalSection(ExtensibilityGlobals) = postSolution
		SolutionGuid = {0946ADA7-F48B-46F3-9F17-D32713AD7CD4}
	EndGlobalSection
EndGlobal
